github.com/JamesHovious/w32 v1.2.0 h1:UZWv2ea6y4Kylzs7DGXWcSCaUH+OxH8q7aCFmMUqwao=
github.com/JamesHovious/w32 v1.2.0/go.mod h1:L6LTHMKvhtpGUkIYGTo4U9PKancYKpGS/+naYtTs8Ys=
golang.org/x/sys v0.8.0 h1:EBmGv8NaZBZTWvrbjNoL6HVt+IVy3QDQpJs7VRIw3tU=
golang.org/x/sys v0.8.0/go.mod h1:oPkhp1MJrh7nUepCBck5+mAzfO9JrbApNNgaTdGDITg=
